
Microsoft Visual Studio Solution File, Format Version 12.00
# Visual Studio 15
VisualStudioVersion = 15.0.26430.15
MinimumVisualStudioVersion = 10.0.40219.1
Project("{8BC9CEB8-8B4A-11D0-8D11-00A0C91BC942}") = "DLLTest", "DLLTest\DLLTest.vcxproj", "{A9EE2259-2B47-4592-82CC-621671D7ED2F}"
EndProject
Project("{8BC9CEB8-8B4A-11D0-8D11-00A0C91BC942}") = "EXETest", "EXETest\EXETest.vcxproj", "{0ED88F4C-F187-496C-9431-4649196EDDE9}"
EndProject
Project("{8BC9CEB8-8B4A-11D0-8D11-00A0C91BC942}") = "LibMemoryManager", "LibMemoryManager\LibMemoryManager.vcxproj", "{40EA37A4-1D45-43A2-9960-D77515C05BE7}"
EndProject
Global
	GlobalSection(SolutionConfigurationPlatforms) = preSolution
		Debug|x64 = Debug|x64
		Debug|x86 = Debug|x86
		Release|x64 = Release|x64
		Release|x86 = Release|x86
	EndGlobalSection
	GlobalSection(ProjectConfigurationPlatforms) = postSolution
		{A9EE2259-2B47-4592-82CC-621671D7ED2F}.Debug|x64.ActiveCfg = Debug|x64
		{A9EE2259-2B47-4592-82CC-621671D7ED2F}.Debug|x64.Build.0 = Debug|x64
		{A9EE2259-2B47-4592-82CC-621671D7ED2F}.Debug|x86.ActiveCfg = Debug|Win32
		{A9EE2259-2B47-4592-82CC-621671D7ED2F}.Debug|x86.Build.0 = Debug|Win32
		{A9EE2259-2B47-4592-82CC-621671D7ED2F}.Release|x64.ActiveCfg = Release|x64
		{A9EE2259-2B47-4592-82CC-621671D7ED2F}.Release|x64.Build.0 = Release|x64
		{A9EE2259-2B47-4592-82CC-621671D7ED2F}.Release|x86.ActiveCfg = Release|Win32
		{A9EE2259-2B47-4592-82CC-621671D7ED2F}.Release|x86.Build.0 = Release|Win32
		{0ED88F4C-F187-496C-9431-4649196EDDE9}.Debug|x64.ActiveCfg = Debug|x64
		{0ED88F4C-F187-496C-9431-4649196EDDE9}.Debug|x64.Build.0 = Debug|x64
		{0ED88F4C-F187-496C-9431-4649196EDDE9}.Debug|x86.ActiveCfg = Debug|Win32
		{0ED88F4C-F187-496C-9431-4649196EDDE9}.Debug|x86.Build.0 = Debug|Win32
		{0ED88F4C-F187-496C-9431-4649196EDDE9}.Release|x64.ActiveCfg = Release|x64
		{0ED88F4C-F187-496C-9431-4649196EDDE9}.Release|x64.Build.0 = Release|x64
		{0ED88F4C-F187-496C-9431-4649196EDDE9}.Release|x86.ActiveCfg = Release|Win32
		{0ED88F4C-F187-496C-9431-4649196EDDE9}.Release|x86.Build.0 = Release|Win32
		{40EA37A4-1D45-43A2-9960-D77515C05BE7}.Debug|x64.ActiveCfg = Debug|x64
		{40EA37A4-1D45-43A2-9960-D77515C05BE7}.Debug|x64.Build.0 = Debug|x64
		{40EA37A4-1D45-43A2-9960-D77515C05BE7}.Debug|x86.ActiveCfg = Debug|Win32
		{40EA37A4-1D45-43A2-9960-D77515C05BE7}.Debug|x86.Build.0 = Debug|Win32
		{40EA37A4-1D45-43A2-9960-D77515C05BE7}.Release|x64.ActiveCfg = Release|x64
		{40EA37A4-1D45-43A2-9960-D77515C05BE7}.Release|x64.Build.0 = Release|x64
		{40EA37A4-1D45-43A2-9960-D77515C05BE7}.Release|x86.ActiveCfg = Release|Win32
		{40EA37A4-1D45-43A2-9960-D77515C05BE7}.Release|x86.Build.0 = Release|Win32
	EndGlobalSection
	GlobalSection(SolutionProperties) = preSolution
		HideSolutionNode = FALSE
	EndGlobalSection
EndGlobal
